
Microsoft Visual Studio Solution File, Format Version 12.00
# Visual Studio 2013
VisualStudioVersion = 12.0.40629.0
MinimumVisualStudioVersion = 10.0.40219.1
Project("{8BC9CEB8-8B4A-11D0-8D11-00A0C91BC942}") = "NumCPP", "NumCPP\NumCPP.vcxproj", "{08C9EAF1-5A50-4BDF-A208-6D96CC000152}"
EndProject
Project("{F184B08F-C81C-45F6-A57F-5ABD9991F28F}") = "NumVB", "NumVB\NumVB.vbproj", "{A3C4D5D6-241A-491E-B9C5-5E1BAECC54F3}"
EndProject
Project("{FAE04EC0-301F-11D3-BF4B-00C04F79EFBC}") = "NumCSharp", "NumCSharp\NumCSharp.csproj", "{BD69E161-A2BF-401E-9295-390362221778}"
EndProject
Project("{FAE04EC0-301F-11D3-BF4B-00C04F79EFBC}") = "Calc", "Calc\Calc.csproj", "{CB0C00F4-23D6-4E90-976D-5F9C1EC4FDF9}"
EndProject
Global
	GlobalSection(SolutionConfigurationPlatforms) = preSolution
		Debug|Any CPU = Debug|Any CPU
		Debug|Mixed Platforms = Debug|Mixed Platforms
		Debug|Win32 = Debug|Win32
		Release|Any CPU = Release|Any CPU
		Release|Mixed Platforms = Release|Mixed Platforms
		Release|Win32 = Release|Win32
	EndGlobalSection
	GlobalSection(ProjectConfigurationPlatforms) = postSolution
		{08C9EAF1-5A50-4BDF-A208-6D96CC000152}.Debug|Any CPU.ActiveCfg = Debug|Win32
		{08C9EAF1-5A50-4BDF-A208-6D96CC000152}.Debug|Mixed Platforms.ActiveCfg = Debug|Win32
		{08C9EAF1-5A50-4BDF-A208-6D96CC000152}.Debug|Mixed Platforms.Build.0 = Debug|Win32
		{08C9EAF1-5A50-4BDF-A208-6D96CC000152}.Debug|Win32.ActiveCfg = Debug|Win32
		{08C9EAF1-5A50-4BDF-A208-6D96CC000152}.Debug|Win32.Build.0 = Debug|Win32
		{08C9EAF1-5A50-4BDF-A208-6D96CC000152}.Release|Any CPU.ActiveCfg = Release|Win32
		{08C9EAF1-5A50-4BDF-A208-6D96CC000152}.Release|Mixed Platforms.ActiveCfg = Release|Win32
		{08C9EAF1-5A50-4BDF-A208-6D96CC000152}.Release|Mixed Platforms.Build.0 = Release|Win32
		{08C9EAF1-5A50-4BDF-A208-6D96CC000152}.Release|Win32.ActiveCfg = Release|Win32
		{08C9EAF1-5A50-4BDF-A208-6D96CC000152}.Release|Win32.Build.0 = Release|Win32
		{A3C4D5D6-241A-491E-B9C5-5E1BAECC54F3}.Debug|Any CPU.ActiveCfg = Debug|Any CPU
		{A3C4D5D6-241A-491E-B9C5-5E1BAECC54F3}.Debug|Any CPU.Build.0 = Debug|Any CPU
		{A3C4D5D6-241A-491E-B9C5-5E1BAECC54F3}.Debug|Mixed Platforms.ActiveCfg = Debug|Any CPU
		{A3C4D5D6-241A-491E-B9C5-5E1BAECC54F3}.Debug|Mixed Platforms.Build.0 = Debug|Any CPU
		{A3C4D5D6-241A-491E-B9C5-5E1BAECC54F3}.Debug|Win32.ActiveCfg = Debug|Any CPU
		{A3C4D5D6-241A-491E-B9C5-5E1BAECC54F3}.Release|Any CPU.ActiveCfg = Release|Any CPU
		{A3C4D5D6-241A-491E-B9C5-5E1BAECC54F3}.Release|Any CPU.Build.0 = Release|Any CPU
		{A3C4D5D6-241A-491E-B9C5-5E1BAECC54F3}.Release|Mixed Platforms.ActiveCfg = Release|Any CPU
		{A3C4D5D6-241A-491E-B9C5-5E1BAECC54F3}.Release|Mixed Platforms.Build.0 = Release|Any CPU
		{A3C4D5D6-241A-491E-B9C5-5E1BAECC54F3}.Release|Win32.ActiveCfg = Release|Any CPU
		{BD69E161-A2BF-401E-9295-390362221778}.Debug|Any CPU.ActiveCfg = Debug|Any CPU
		{BD69E161-A2BF-401E-9295-390362221778}.Debug|Any CPU.Build.0 = Debug|Any CPU
		{BD69E161-A2BF-401E-9295-390362221778}.Debug|Mixed Platforms.ActiveCfg = Debug|Any CPU
		{BD69E161-A2BF-401E-9295-390362221778}.Debug|Mixed Platforms.Build.0 = Debug|Any CPU
		{BD69E161-A2BF-401E-9295-390362221778}.Debug|Win32.ActiveCfg = Debug|Any CPU
		{BD69E161-A2BF-401E-9295-390362221778}.Release|Any CPU.ActiveCfg = Release|Any CPU
		{BD69E161-A2BF-401E-9295-390362221778}.Release|Any CPU.Build.0 = Release|Any CPU
		{BD69E161-A2BF-401E-9295-390362221778}.Release|Mixed Platforms.ActiveCfg = Release|Any CPU
		{BD69E161-A2BF-401E-9295-390362221778}.Release|Mixed Platforms.Build.0 = Release|Any CPU
		{BD69E161-A2BF-401E-9295-390362221778}.Release|Win32.ActiveCfg = Release|Any CPU
		{CB0C00F4-23D6-4E90-976D-5F9C1EC4FDF9}.Debug|Any CPU.ActiveCfg = Debug|Any CPU
		{CB0C00F4-23D6-4E90-976D-5F9C1EC4FDF9}.Debug|Any CPU.Build.0 = Debug|Any CPU
		{CB0C00F4-23D6-4E90-976D-5F9C1EC4FDF9}.Debug|Mixed Platforms.ActiveCfg = Debug|Any CPU
		{CB0C00F4-23D6-4E90-976D-5F9C1EC4FDF9}.Debug|Mixed Platforms.Build.0 = Debug|Any CPU
		{CB0C00F4-23D6-4E90-976D-5F9C1EC4FDF9}.Debug|Win32.ActiveCfg = Debug|Any CPU
		{CB0C00F4-23D6-4E90-976D-5F9C1EC4FDF9}.Release|Any CPU.ActiveCfg = Release|Any CPU
		{CB0C00F4-23D6-4E90-976D-5F9C1EC4FDF9}.Release|Any CPU.Build.0 = Release|Any CPU
		{CB0C00F4-23D6-4E90-976D-5F9C1EC4FDF9}.Release|Mixed Platforms.ActiveCfg = Release|Any CPU
		{CB0C00F4-23D6-4E90-976D-5F9C1EC4FDF9}.Release|Mixed Platforms.Build.0 = Release|Any CPU
		{CB0C00F4-23D6-4E90-976D-5F9C1EC4FDF9}.Release|Win32.ActiveCfg = Release|Any CPU
	EndGlobalSection
	GlobalSection(SolutionProperties) = preSolution
		HideSolutionNode = FALSE
	EndGlobalSection
EndGlobal
